// !$*UTF8*$!
{
	archiveVersion = 1;
	classes = {
	};
	objectVersion = 46;
	objects = {

/* Begin PBXBuildFile section */
		00E356F31AD99517003FC87E /* ecommerceAppTests.m in Sources */ = {isa = PBXBuildFile; fileRef = 00E356F21AD99517003FC87E /* ecommerceAppTests.m */; };
		0377E3CD71F046CFBA2FC097 /* WorkSans-Light.ttf in Resources */ = {isa = PBXBuildFile; fileRef = 6A629ED564FB4023A82061E5 /* WorkSans-Light.ttf */; };
		0B854CBA9DE5441AB1AA8E19 /* WorkSans-Bold.ttf in Resources */ = {isa = PBXBuildFile; fileRef = C3BDF59CD5EC4710953B72F2 /* WorkSans-Bold.ttf */; };
		0CBB72721474492CA00967C7 /* WorkSans-Italic.ttf in Resources */ = {isa = PBXBuildFile; fileRef = E975EEFA8DB54786A62FE7BD /* WorkSans-Italic.ttf */; };
		0CC2242EA2A64DE398BA5F1B /* WorkSans-ExtraLight.ttf in Resources */ = {isa = PBXBuildFile; fileRef = B4A527AB2D5943CF899B51FC /* WorkSans-ExtraLight.ttf */; };
		13B07FBC1A68108700A75B9A /* AppDelegate.m in Sources */ = {isa = PBXBuildFile; fileRef = 13B07FB01A68108700A75B9A /* AppDelegate.m */; };
		13B07FBF1A68108700A75B9A /* Images.xcassets in Resources */ = {isa = PBXBuildFile; fileRef = 13B07FB51A68108700A75B9A /* Images.xcassets */; };
		13B07FC11A68108700A75B9A /* main.m in Sources */ = {isa = PBXBuildFile; fileRef = 13B07FB71A68108700A75B9A /* main.m */; };
		1C8FBF6A9E5E4132AD24203D /* Quicksand-SemiBold.ttf in Resources */ = {isa = PBXBuildFile; fileRef = 2617BC66C77F4921B7E23DD0 /* Quicksand-SemiBold.ttf */; };
		1E09E8FAC57B4EE0802AF779 /* ZillaSlab-Regular.ttf in Resources */ = {isa = PBXBuildFile; fileRef = 1F5CFDBD688E46CCBF79F543 /* ZillaSlab-Regular.ttf */; };
		273C6D7D819A40218AC91DC1 /* WorkSans-SemiBoldItalic.ttf in Resources */ = {isa = PBXBuildFile; fileRef = 91062C1ACF4C4F8CB3822B68 /* WorkSans-SemiBoldItalic.ttf */; };
		2B22F2EC6A0744AD94986EEC /* WorkSans-SemiBold.ttf in Resources */ = {isa = PBXBuildFile; fileRef = A69ECF04270A4C43B8EB852A /* WorkSans-SemiBold.ttf */; };
		2D02E4BC1E0B4A80006451C7 /* AppDelegate.m in Sources */ = {isa = PBXBuildFile; fileRef = 13B07FB01A68108700A75B9A /* AppDelegate.m */; };
		2D02E4BD1E0B4A84006451C7 /* Images.xcassets in Resources */ = {isa = PBXBuildFile; fileRef = 13B07FB51A68108700A75B9A /* Images.xcassets */; };
		2D02E4BF1E0B4AB3006451C7 /* main.m in Sources */ = {isa = PBXBuildFile; fileRef = 13B07FB71A68108700A75B9A /* main.m */; };
		2DCD954D1E0B4F2C00145EB5 /* ecommerceAppTests.m in Sources */ = {isa = PBXBuildFile; fileRef = 00E356F21AD99517003FC87E /* ecommerceAppTests.m */; };
		3B25A0D60F0E499D8DB530DB /* ZillaSlab-Medium.ttf in Resources */ = {isa = PBXBuildFile; fileRef = 85AC2A66CBD247A2A5118714 /* ZillaSlab-Medium.ttf */; };
		4DE0211D9863CFE091BEDBE4 /* libPods-ecommerceApp-tvOS.a in Frameworks */ = {isa = PBXBuildFile; fileRef = B0A2BA8BF19B6E81A1164F3B /* libPods-ecommerceApp-tvOS.a */; };
		51C62D6CD08C4E53A0DE0312 /* WorkSans-BoldItalic.ttf in Resources */ = {isa = PBXBuildFile; fileRef = 2908716CE28746F586ADCBF9 /* WorkSans-BoldItalic.ttf */; };
		52A325855BDD485BA371164A /* WorkSans-Medium.ttf in Resources */ = {isa = PBXBuildFile; fileRef = 0CC95FA9043249A387D38CAB /* WorkSans-Medium.ttf */; };
		5948FFC22976467E86BA30CA /* WorkSans-ThinItalic.ttf in Resources */ = {isa = PBXBuildFile; fileRef = B3846CAEC2B4489B8381796B /* WorkSans-ThinItalic.ttf */; };
		5EEF160E70DA4ED093B0A48D /* WorkSans-LightItalic.ttf in Resources */ = {isa = PBXBuildFile; fileRef = 3FAEFAEA89E24F699A207616 /* WorkSans-LightItalic.ttf */; };
		616F0F5A5F4849949CEFC31E /* WorkSans-Black.ttf in Resources */ = {isa = PBXBuildFile; fileRef = B2D90559BF6140C5AF568A80 /* WorkSans-Black.ttf */; };
		68F4A85371F74C00A6F286AD /* ZillaSlab-SemiBold.ttf in Resources */ = {isa = PBXBuildFile; fileRef = 39C30B229B80482BB6B114C9 /* ZillaSlab-SemiBold.ttf */; };
		71718B49CC534C189D03BA53 /* ZillaSlab-Light.ttf in Resources */ = {isa = PBXBuildFile; fileRef = A6BD8BCFBBDD4180BFC5BC94 /* ZillaSlab-Light.ttf */; };
		771FCA2C9FD14B078FA16F9D /* ZillaSlab-Italic.ttf in Resources */ = {isa = PBXBuildFile; fileRef = 75BABF73F04C4865A480DD50 /* ZillaSlab-Italic.ttf */; };
		80BBDBB5D2D24BEAAC8F9508 /* WorkSans-Regular.ttf in Resources */ = {isa = PBXBuildFile; fileRef = 383317AB079A4EA886659A36 /* WorkSans-Regular.ttf */; };
		81AB9BB82411601600AC10FF /* LaunchScreen.storyboard in Resources */ = {isa = PBXBuildFile; fileRef = 81AB9BB72411601600AC10FF /* LaunchScreen.storyboard */; };
		83A17FB7AA264B3CA7A14085 /* ZillaSlab-MediumItalic.ttf in Resources */ = {isa = PBXBuildFile; fileRef = AA2A4BA75FFD48B3885D65E0 /* ZillaSlab-MediumItalic.ttf */; };
		95F3F1F96F5F4F1187E0F8C4 /* Quicksand-Light.ttf in Resources */ = {isa = PBXBuildFile; fileRef = 5B56E0A923C243E3A5A20E77 /* Quicksand-Light.ttf */; };
		96315C11AB0241E0A7D363AB /* WorkSans-BlackItalic.ttf in Resources */ = {isa = PBXBuildFile; fileRef = A12C41B9DFC644B8B0B742A2 /* WorkSans-BlackItalic.ttf */; };
		A2EB23A699854BF399F7B54D /* ZillaSlab-SemiBoldItalic.ttf in Resources */ = {isa = PBXBuildFile; fileRef = C953381D482046EF82A2C584 /* ZillaSlab-SemiBoldItalic.ttf */; };
		AD33B0CE0E0C4866ABC03C23 /* WorkSans-MediumItalic.ttf in Resources */ = {isa = PBXBuildFile; fileRef = 55BBDCCA685949D69482CBAB /* WorkSans-MediumItalic.ttf */; };
		B0CD7BD2A0EA7CCA0589D607 /* libPods-ecommerceApp.a in Frameworks */ = {isa = PBXBuildFile; fileRef = 466B8D40AEF27A6E7E6B080D /* libPods-ecommerceApp.a */; };
		B117832B467F418ABFC486AA /* WorkSans-VariableFont_wght.ttf in Resources */ = {isa = PBXBuildFile; fileRef = E04F22DDB83842B5A6136302 /* WorkSans-VariableFont_wght.ttf */; };
		B5AB5BAFBA0D4214949AA630 /* WorkSans-Italic-VariableFont_wght.ttf in Resources */ = {isa = PBXBuildFile; fileRef = 27AAC3097BFE47BEA30EB8B7 /* WorkSans-Italic-VariableFont_wght.ttf */; };
		BEFED4FDAA2949C9A0670A9F /* WorkSans-ExtraLightItalic.ttf in Resources */ = {isa = PBXBuildFile; fileRef = C533675EC3EE4646B6775E16 /* WorkSans-ExtraLightItalic.ttf */; };
		BF5A1B5559E64E7D8C06F4C9 /* ZillaSlab-BoldItalic.ttf in Resources */ = {isa = PBXBuildFile; fileRef = 8D3D1DDA019A44A1AAC66B8F /* ZillaSlab-BoldItalic.ttf */; };
		D547C6D37AD142BFB4E816E3 /* WorkSans-Thin.ttf in Resources */ = {isa = PBXBuildFile; fileRef = B42EAD4A7E6348339B7A792A /* WorkSans-Thin.ttf */; };
		D9159D019D42EF5567FE08E5 /* libPods-ecommerceApp-ecommerceAppTests.a in Frameworks */ = {isa = PBXBuildFile; fileRef = 4261EBA6089FDAD321484794 /* libPods-ecommerceApp-ecommerceAppTests.a */; };
		DF48CFC7EBA04B78BD638960 /* Quicksand-Regular.ttf in Resources */ = {isa = PBXBuildFile; fileRef = 5E2622E8C2D94518B6896741 /* Quicksand-Regular.ttf */; };
		DF52B5884E952ECF59430296 /* libPods-ecommerceApp-tvOSTests.a in Frameworks */ = {isa = PBXBuildFile; fileRef = BDD5FA9B1A8245AF2A2F08C3 /* libPods-ecommerceApp-tvOSTests.a */; };
		E3CBD88D12854C899608589D /* Quicksand-Medium.ttf in Resources */ = {isa = PBXBuildFile; fileRef = AE6AE61CCBE54292AE1301B2 /* Quicksand-Medium.ttf */; };
		E4EEC07B4FDA4E469B889FA9 /* WorkSans-ExtraBold.ttf in Resources */ = {isa = PBXBuildFile; fileRef = C0D7A147137A4A92823E8D8F /* WorkSans-ExtraBold.ttf */; };
		F651F274B47C47BC85A50AB6 /* Quicksand-Bold.ttf in Resources */ = {isa = PBXBuildFile; fileRef = 09144FA5BF2C47059D23031E /* Quicksand-Bold.ttf */; };
		F683F13F1976462381887D2D /* ZillaSlab-Bold.ttf in Resources */ = {isa = PBXBuildFile; fileRef = DDC46EF0D53F4BDD90848A86 /* ZillaSlab-Bold.ttf */; };
		F7034F3B2772401EB66091E8 /* ZillaSlab-LightItalic.ttf in Resources */ = {isa = PBXBuildFile; fileRef = 90CBB8D1D77D4FE69C395989 /* ZillaSlab-LightItalic.ttf */; };
		FC8B9A1470FA48AC9D4F012B /* WorkSans-ExtraBoldItalic.ttf in Resources */ = {isa = PBXBuildFile; fileRef = 4DAB81AD79854C26A9E27CCC /* WorkSans-ExtraBoldItalic.ttf */; };
		C559D02946334718A2F283BE /* AntDesign.ttf in Resources */ = {isa = PBXBuildFile; fileRef = A7A1E3F364EE480FA51BB4D7 /* AntDesign.ttf */; };
		54441F0E99774B579CACFF97 /* Entypo.ttf in Resources */ = {isa = PBXBuildFile; fileRef = 43D1122EEF454264AB954BC0 /* Entypo.ttf */; };
		605A2CC979764ACAB0A0C723 /* EvilIcons.ttf in Resources */ = {isa = PBXBuildFile; fileRef = F759A1A8A5E94DEEB14383F5 /* EvilIcons.ttf */; };
		8D0477B6DADF4673B8BD6968 /* Feather.ttf in Resources */ = {isa = PBXBuildFile; fileRef = E754731A94BA4944B99E88A7 /* Feather.ttf */; };
		224FBD814F624763AE1DE997 /* FontAwesome.ttf in Resources */ = {isa = PBXBuildFile; fileRef = 338661957E3C441489E9F8B5 /* FontAwesome.ttf */; };
		30DBE08275C6458FA48A4794 /* FontAwesome5_Brands.ttf in Resources */ = {isa = PBXBuildFile; fileRef = AEB06D9E49604F7696228AAA /* FontAwesome5_Brands.ttf */; };
		5F845516081E49B792D2E6A6 /* FontAwesome5_Regular.ttf in Resources */ = {isa = PBXBuildFile; fileRef = 92698D1D0A5343C099A2ED58 /* FontAwesome5_Regular.ttf */; };
		364C03059EBC4A3FA9EFC3CE /* FontAwesome5_Solid.ttf in Resources */ = {isa = PBXBuildFile; fileRef = E9539EE08648497CB505828C /* FontAwesome5_Solid.ttf */; };
		0C3E41CDCE0E40758C9BA897 /* Fontisto.ttf in Resources */ = {isa = PBXBuildFile; fileRef = ADC2D4047EB04DCBB7C2963F /* Fontisto.ttf */; };
		8D9738F84B20492FB184E45C /* Foundation.ttf in Resources */ = {isa = PBXBuildFile; fileRef = B7177A07D4774B60BE63C9CA /* Foundation.ttf */; };
		095DEA05550F4E8490DD6911 /* Ionicons.ttf in Resources */ = {isa = PBXBuildFile; fileRef = C9DF3A64514C4D9B9A241D13 /* Ionicons.ttf */; };
		7A242FFA741F4765954DF3A1 /* MaterialCommunityIcons.ttf in Resources */ = {isa = PBXBuildFile; fileRef = 2B758F3F20A7428AAD131489 /* MaterialCommunityIcons.ttf */; };
		18E5779B276C43C4ACDF8F3F /* MaterialIcons.ttf in Resources */ = {isa = PBXBuildFile; fileRef = 0FE68417A59A4E259AD955E9 /* MaterialIcons.ttf */; };
		D9C3CEA0C24645FFBFCB5A6C /* Octicons.ttf in Resources */ = {isa = PBXBuildFile; fileRef = D8E70D6A414C4C338215A577 /* Octicons.ttf */; };
		D2C1B0C5A0B6459493166FC1 /* SimpleLineIcons.ttf in Resources */ = {isa = PBXBuildFile; fileRef = 3ABFC80B733F46AA99EC010B /* SimpleLineIcons.ttf */; };
		FB365C25F232464097F02C1B /* Zocial.ttf in Resources */ = {isa = PBXBuildFile; fileRef = F5414EE1D8D34BA78FB67BB3 /* Zocial.ttf */; };
/* End PBXBuildFile section */

/* Begin PBXContainerItemProxy section */
		00E356F41AD99517003FC87E /* PBXContainerItemProxy */ = {
			isa = PBXContainerItemProxy;
			containerPortal = 83CBB9F71A601CBA00E9B192 /* Project object */;
			proxyType = 1;
			remoteGlobalIDString = 13B07F861A680F5B00A75B9A;
			remoteInfo = ecommerceApp;
		};
		2D02E4911E0B4A5D006451C7 /* PBXContainerItemProxy */ = {
			isa = PBXContainerItemProxy;
			containerPortal = 83CBB9F71A601CBA00E9B192 /* Project object */;
			proxyType = 1;
			remoteGlobalIDString = 2D02E47A1E0B4A5D006451C7;
			remoteInfo = "ecommerceApp-tvOS";
		};
/* End PBXContainerItemProxy section */

/* Begin PBXFileReference section */
		008F07F21AC5B25A0029DE68 /* main.jsbundle */ = {isa = PBXFileReference; fileEncoding = 4; lastKnownFileType = text; path = main.jsbundle; sourceTree = "<group>"; };
		00E356EE1AD99517003FC87E /* ecommerceAppTests.xctest */ = {isa = PBXFileReference; explicitFileType = wrapper.cfbundle; includeInIndex = 0; path = ecommerceAppTests.xctest; sourceTree = BUILT_PRODUCTS_DIR; };
		00E356F11AD99517003FC87E /* Info.plist */ = {isa = PBXFileReference; lastKnownFileType = text.plist.xml; path = Info.plist; sourceTree = "<group>"; };
		00E356F21AD99517003FC87E /* ecommerceAppTests.m */ = {isa = PBXFileReference; lastKnownFileType = sourcecode.c.objc; path = ecommerceAppTests.m; sourceTree = "<group>"; };
		01A0F4DFC3657D52D5078BC3 /* Pods-ecommerceApp.release.xcconfig */ = {isa = PBXFileReference; includeInIndex = 1; lastKnownFileType = text.xcconfig; name = "Pods-ecommerceApp.release.xcconfig"; path = "Target Support Files/Pods-ecommerceApp/Pods-ecommerceApp.release.xcconfig"; sourceTree = "<group>"; };
		09144FA5BF2C47059D23031E /* Quicksand-Bold.ttf */ = {isa = PBXFileReference; explicitFileType = undefined; fileEncoding = 9; includeInIndex = 0; lastKnownFileType = unknown; name = "Quicksand-Bold.ttf"; path = "../assets/fonts/Quicksand-Bold.ttf"; sourceTree = "<group>"; };
		0CC95FA9043249A387D38CAB /* WorkSans-Medium.ttf */ = {isa = PBXFileReference; explicitFileType = undefined; fileEncoding = 9; includeInIndex = 0; lastKnownFileType = unknown; name = "WorkSans-Medium.ttf"; path = "../assets/fonts/static/WorkSans-Medium.ttf"; sourceTree = "<group>"; };
		13B07F961A680F5B00A75B9A /* ecommerceApp.app */ = {isa = PBXFileReference; explicitFileType = wrapper.application; includeInIndex = 0; path = ecommerceApp.app; sourceTree = BUILT_PRODUCTS_DIR; };
		13B07FAF1A68108700A75B9A /* AppDelegate.h */ = {isa = PBXFileReference; fileEncoding = 4; lastKnownFileType = sourcecode.c.h; name = AppDelegate.h; path = ecommerceApp/AppDelegate.h; sourceTree = "<group>"; };
		13B07FB01A68108700A75B9A /* AppDelegate.m */ = {isa = PBXFileReference; fileEncoding = 4; lastKnownFileType = sourcecode.c.objc; name = AppDelegate.m; path = ecommerceApp/AppDelegate.m; sourceTree = "<group>"; };
		13B07FB51A68108700A75B9A /* Images.xcassets */ = {isa = PBXFileReference; lastKnownFileType = folder.assetcatalog; name = Images.xcassets; path = ecommerceApp/Images.xcassets; sourceTree = "<group>"; };
		13B07FB61A68108700A75B9A /* Info.plist */ = {isa = PBXFileReference; fileEncoding = 4; lastKnownFileType = text.plist.xml; name = Info.plist; path = ecommerceApp/Info.plist; sourceTree = "<group>"; };
		13B07FB71A68108700A75B9A /* main.m */ = {isa = PBXFileReference; fileEncoding = 4; lastKnownFileType = sourcecode.c.objc; name = main.m; path = ecommerceApp/main.m; sourceTree = "<group>"; };
		1F5CFDBD688E46CCBF79F543 /* ZillaSlab-Regular.ttf */ = {isa = PBXFileReference; explicitFileType = undefined; fileEncoding = 9; includeInIndex = 0; lastKnownFileType = unknown; name = "ZillaSlab-Regular.ttf"; path = "../assets/fonts/ZillaSlab-Regular.ttf"; sourceTree = "<group>"; };
		2617BC66C77F4921B7E23DD0 /* Quicksand-SemiBold.ttf */ = {isa = PBXFileReference; explicitFileType = undefined; fileEncoding = 9; includeInIndex = 0; lastKnownFileType = unknown; name = "Quicksand-SemiBold.ttf"; path = "../assets/fonts/Quicksand-SemiBold.ttf"; sourceTree = "<group>"; };
		27AAC3097BFE47BEA30EB8B7 /* WorkSans-Italic-VariableFont_wght.ttf */ = {isa = PBXFileReference; explicitFileType = undefined; fileEncoding = 9; includeInIndex = 0; lastKnownFileType = unknown; name = "WorkSans-Italic-VariableFont_wght.ttf"; path = "../assets/fonts/WorkSans-Italic-VariableFont_wght.ttf"; sourceTree = "<group>"; };
		2908716CE28746F586ADCBF9 /* WorkSans-BoldItalic.ttf */ = {isa = PBXFileReference; explicitFileType = undefined; fileEncoding = 9; includeInIndex = 0; lastKnownFileType = unknown; name = "WorkSans-BoldItalic.ttf"; path = "../assets/fonts/static/WorkSans-BoldItalic.ttf"; sourceTree = "<group>"; };
		2D02E47B1E0B4A5D006451C7 /* ecommerceApp-tvOS.app */ = {isa = PBXFileReference; explicitFileType = wrapper.application; includeInIndex = 0; path = "ecommerceApp-tvOS.app"; sourceTree = BUILT_PRODUCTS_DIR; };
		2D02E4901E0B4A5D006451C7 /* ecommerceApp-tvOSTests.xctest */ = {isa = PBXFileReference; explicitFileType = wrapper.cfbundle; includeInIndex = 0; path = "ecommerceApp-tvOSTests.xctest"; sourceTree = BUILT_PRODUCTS_DIR; };
		3581C7209EDE07153F7AA5A6 /* Pods-ecommerceApp.debug.xcconfig */ = {isa = PBXFileReference; includeInIndex = 1; lastKnownFileType = text.xcconfig; name = "Pods-ecommerceApp.debug.xcconfig"; path = "Target Support Files/Pods-ecommerceApp/Pods-ecommerceApp.debug.xcconfig"; sourceTree = "<group>"; };
		383317AB079A4EA886659A36 /* WorkSans-Regular.ttf */ = {isa = PBXFileReference; explicitFileType = undefined; fileEncoding = 9; includeInIndex = 0; lastKnownFileType = unknown; name = "WorkSans-Regular.ttf"; path = "../assets/fonts/static/WorkSans-Regular.ttf"; sourceTree = "<group>"; };
		39C30B229B80482BB6B114C9 /* ZillaSlab-SemiBold.ttf */ = {isa = PBXFileReference; explicitFileType = undefined; fileEncoding = 9; includeInIndex = 0; lastKnownFileType = unknown; name = "ZillaSlab-SemiBold.ttf"; path = "../assets/fonts/ZillaSlab-SemiBold.ttf"; sourceTree = "<group>"; };
		3FAEFAEA89E24F699A207616 /* WorkSans-LightItalic.ttf */ = {isa = PBXFileReference; explicitFileType = undefined; fileEncoding = 9; includeInIndex = 0; lastKnownFileType = unknown; name = "WorkSans-LightItalic.ttf"; path = "../assets/fonts/static/WorkSans-LightItalic.ttf"; sourceTree = "<group>"; };
		4261EBA6089FDAD321484794 /* libPods-ecommerceApp-ecommerceAppTests.a */ = {isa = PBXFileReference; explicitFileType = archive.ar; includeInIndex = 0; path = "libPods-ecommerceApp-ecommerceAppTests.a"; sourceTree = BUILT_PRODUCTS_DIR; };
		466B8D40AEF27A6E7E6B080D /* libPods-ecommerceApp.a */ = {isa = PBXFileReference; explicitFileType = archive.ar; includeInIndex = 0; path = "libPods-ecommerceApp.a"; sourceTree = BUILT_PRODUCTS_DIR; };
		4DAB81AD79854C26A9E27CCC /* WorkSans-ExtraBoldItalic.ttf */ = {isa = PBXFileReference; explicitFileType = undefined; fileEncoding = 9; includeInIndex = 0; lastKnownFileType = unknown; name = "WorkSans-ExtraBoldItalic.ttf"; path = "../assets/fonts/static/WorkSans-ExtraBoldItalic.ttf"; sourceTree = "<group>"; };
		55043885574936A7D9E2C8F3 /* Pods-ecommerceApp-ecommerceAppTests.release.xcconfig */ = {isa = PBXFileReference; includeInIndex = 1; lastKnownFileType = text.xcconfig; name = "Pods-ecommerceApp-ecommerceAppTests.release.xcconfig"; path = "Target Support Files/Pods-ecommerceApp-ecommerceAppTests/Pods-ecommerceApp-ecommerceAppTests.release.xcconfig"; sourceTree = "<group>"; };
		55BBDCCA685949D69482CBAB /* WorkSans-MediumItalic.ttf */ = {isa = PBXFileReference; explicitFileType = undefined; fileEncoding = 9; includeInIndex = 0; lastKnownFileType = unknown; name = "WorkSans-MediumItalic.ttf"; path = "../assets/fonts/static/WorkSans-MediumItalic.ttf"; sourceTree = "<group>"; };
		5B56E0A923C243E3A5A20E77 /* Quicksand-Light.ttf */ = {isa = PBXFileReference; explicitFileType = undefined; fileEncoding = 9; includeInIndex = 0; lastKnownFileType = unknown; name = "Quicksand-Light.ttf"; path = "../assets/fonts/Quicksand-Light.ttf"; sourceTree = "<group>"; };
		5E2622E8C2D94518B6896741 /* Quicksand-Regular.ttf */ = {isa = PBXFileReference; explicitFileType = undefined; fileEncoding = 9; includeInIndex = 0; lastKnownFileType = unknown; name = "Quicksand-Regular.ttf"; path = "../assets/fonts/Quicksand-Regular.ttf"; sourceTree = "<group>"; };
		6A629ED564FB4023A82061E5 /* WorkSans-Light.ttf */ = {isa = PBXFileReference; explicitFileType = undefined; fileEncoding = 9; includeInIndex = 0; lastKnownFileType = unknown; name = "WorkSans-Light.ttf"; path = "../assets/fonts/static/WorkSans-Light.ttf"; sourceTree = "<group>"; };
		6F579870174151EC0DF90C57 /* Pods-ecommerceApp-ecommerceAppTests.debug.xcconfig */ = {isa = PBXFileReference; includeInIndex = 1; lastKnownFileType = text.xcconfig; name = "Pods-ecommerceApp-ecommerceAppTests.debug.xcconfig"; path = "Target Support Files/Pods-ecommerceApp-ecommerceAppTests/Pods-ecommerceApp-ecommerceAppTests.debug.xcconfig"; sourceTree = "<group>"; };
		737813EAAAA69E7B98349E7E /* Pods-ecommerceApp-tvOS.debug.xcconfig */ = {isa = PBXFileReference; includeInIndex = 1; lastKnownFileType = text.xcconfig; name = "Pods-ecommerceApp-tvOS.debug.xcconfig"; path = "Target Support Files/Pods-ecommerceApp-tvOS/Pods-ecommerceApp-tvOS.debug.xcconfig"; sourceTree = "<group>"; };
		75BABF73F04C4865A480DD50 /* ZillaSlab-Italic.ttf */ = {isa = PBXFileReference; explicitFileType = undefined; fileEncoding = 9; includeInIndex = 0; lastKnownFileType = unknown; name = "ZillaSlab-Italic.ttf"; path = "../assets/fonts/ZillaSlab-Italic.ttf"; sourceTree = "<group>"; };
		81AB9BB72411601600AC10FF /* LaunchScreen.storyboard */ = {isa = PBXFileReference; fileEncoding = 4; lastKnownFileType = file.storyboard; name = LaunchScreen.storyboard; path = ecommerceApp/LaunchScreen.storyboard; sourceTree = "<group>"; };
		85AC2A66CBD247A2A5118714 /* ZillaSlab-Medium.ttf */ = {isa = PBXFileReference; explicitFileType = undefined; fileEncoding = 9; includeInIndex = 0; lastKnownFileType = unknown; name = "ZillaSlab-Medium.ttf"; path = "../assets/fonts/ZillaSlab-Medium.ttf"; sourceTree = "<group>"; };
		873A4F2FB3502A1360F8CF43 /* Pods-ecommerceApp-tvOS.release.xcconfig */ = {isa = PBXFileReference; includeInIndex = 1; lastKnownFileType = text.xcconfig; name = "Pods-ecommerceApp-tvOS.release.xcconfig"; path = "Target Support Files/Pods-ecommerceApp-tvOS/Pods-ecommerceApp-tvOS.release.xcconfig"; sourceTree = "<group>"; };
		8D3D1DDA019A44A1AAC66B8F /* ZillaSlab-BoldItalic.ttf */ = {isa = PBXFileReference; explicitFileType = undefined; fileEncoding = 9; includeInIndex = 0; lastKnownFileType = unknown; name = "ZillaSlab-BoldItalic.ttf"; path = "../assets/fonts/ZillaSlab-BoldItalic.ttf"; sourceTree = "<group>"; };
		90CBB8D1D77D4FE69C395989 /* ZillaSlab-LightItalic.ttf */ = {isa = PBXFileReference; explicitFileType = undefined; fileEncoding = 9; includeInIndex = 0; lastKnownFileType = unknown; name = "ZillaSlab-LightItalic.ttf"; path = "../assets/fonts/ZillaSlab-LightItalic.ttf"; sourceTree = "<group>"; };
		91062C1ACF4C4F8CB3822B68 /* WorkSans-SemiBoldItalic.ttf */ = {isa = PBXFileReference; explicitFileType = undefined; fileEncoding = 9; includeInIndex = 0; lastKnownFileType = unknown; name = "WorkSans-SemiBoldItalic.ttf"; path = "../assets/fonts/static/WorkSans-SemiBoldItalic.ttf"; sourceTree = "<group>"; };
		A12C41B9DFC644B8B0B742A2 /* WorkSans-BlackItalic.ttf */ = {isa = PBXFileReference; explicitFileType = undefined; fileEncoding = 9; includeInIndex = 0; lastKnownFileType = unknown; name = "WorkSans-BlackItalic.ttf"; path = "../assets/fonts/static/WorkSans-BlackItalic.ttf"; sourceTree = "<group>"; };
		A69ECF04270A4C43B8EB852A /* WorkSans-SemiBold.ttf */ = {isa = PBXFileReference; explicitFileType = undefined; fileEncoding = 9; includeInIndex = 0; lastKnownFileType = unknown; name = "WorkSans-SemiBold.ttf"; path = "../assets/fonts/static/WorkSans-SemiBold.ttf"; sourceTree = "<group>"; };
		A6BD8BCFBBDD4180BFC5BC94 /* ZillaSlab-Light.ttf */ = {isa = PBXFileReference; explicitFileType = undefined; fileEncoding = 9; includeInIndex = 0; lastKnownFileType = unknown; name = "ZillaSlab-Light.ttf"; path = "../assets/fonts/ZillaSlab-Light.ttf"; sourceTree = "<group>"; };
		AA2A4BA75FFD48B3885D65E0 /* ZillaSlab-MediumItalic.ttf */ = {isa = PBXFileReference; explicitFileType = undefined; fileEncoding = 9; includeInIndex = 0; lastKnownFileType = unknown; name = "ZillaSlab-MediumItalic.ttf"; path = "../assets/fonts/ZillaSlab-MediumItalic.ttf"; sourceTree = "<group>"; };
		AE6AE61CCBE54292AE1301B2 /* Quicksand-Medium.ttf */ = {isa = PBXFileReference; explicitFileType = undefined; fileEncoding = 9; includeInIndex = 0; lastKnownFileType = unknown; name = "Quicksand-Medium.ttf"; path = "../assets/fonts/Quicksand-Medium.ttf"; sourceTree = "<group>"; };
		B0A2BA8BF19B6E81A1164F3B /* libPods-ecommerceApp-tvOS.a */ = {isa = PBXFileReference; explicitFileType = archive.ar; includeInIndex = 0; path = "libPods-ecommerceApp-tvOS.a"; sourceTree = BUILT_PRODUCTS_DIR; };
		B2D90559BF6140C5AF568A80 /* WorkSans-Black.ttf */ = {isa = PBXFileReference; explicitFileType = undefined; fileEncoding = 9; includeInIndex = 0; lastKnownFileType = unknown; name = "WorkSans-Black.ttf"; path = "../assets/fonts/static/WorkSans-Black.ttf"; sourceTree = "<group>"; };
		B3846CAEC2B4489B8381796B /* WorkSans-ThinItalic.ttf */ = {isa = PBXFileReference; explicitFileType = undefined; fileEncoding = 9; includeInIndex = 0; lastKnownFileType = unknown; name = "WorkSans-ThinItalic.ttf"; path = "../assets/fonts/static/WorkSans-ThinItalic.ttf"; sourceTree = "<group>"; };
		B42EAD4A7E6348339B7A792A /* WorkSans-Thin.ttf */ = {isa = PBXFileReference; explicitFileType = undefined; fileEncoding = 9; includeInIndex = 0; lastKnownFileType = unknown; name = "WorkSans-Thin.ttf"; path = "../assets/fonts/static/WorkSans-Thin.ttf"; sourceTree = "<group>"; };
		B4A527AB2D5943CF899B51FC /* WorkSans-ExtraLight.ttf */ = {isa = PBXFileReference; explicitFileType = undefined; fileEncoding = 9; includeInIndex = 0; lastKnownFileType = unknown; name = "WorkSans-ExtraLight.ttf"; path = "../assets/fonts/static/WorkSans-ExtraLight.ttf"; sourceTree = "<group>"; };
		BDD5FA9B1A8245AF2A2F08C3 /* libPods-ecommerceApp-tvOSTests.a */ = {isa = PBXFileReference; explicitFileType = archive.ar; includeInIndex = 0; path = "libPods-ecommerceApp-tvOSTests.a"; sourceTree = BUILT_PRODUCTS_DIR; };
		C0D7A147137A4A92823E8D8F /* WorkSans-ExtraBold.ttf */ = {isa = PBXFileReference; explicitFileType = undefined; fileEncoding = 9; includeInIndex = 0; lastKnownFileType = unknown; name = "WorkSans-ExtraBold.ttf"; path = "../assets/fonts/static/WorkSans-ExtraBold.ttf"; sourceTree = "<group>"; };
		C3BDF59CD5EC4710953B72F2 /* WorkSans-Bold.ttf */ = {isa = PBXFileReference; explicitFileType = undefined; fileEncoding = 9; includeInIndex = 0; lastKnownFileType = unknown; name = "WorkSans-Bold.ttf"; path = "../assets/fonts/static/WorkSans-Bold.ttf"; sourceTree = "<group>"; };
		C533675EC3EE4646B6775E16 /* WorkSans-ExtraLightItalic.ttf */ = {isa = PBXFileReference; explicitFileType = undefined; fileEncoding = 9; includeInIndex = 0; lastKnownFileType = unknown; name = "WorkSans-ExtraLightItalic.ttf"; path = "../assets/fonts/static/WorkSans-ExtraLightItalic.ttf"; sourceTree = "<group>"; };
		C953381D482046EF82A2C584 /* ZillaSlab-SemiBoldItalic.ttf */ = {isa = PBXFileReference; explicitFileType = undefined; fileEncoding = 9; includeInIndex = 0; lastKnownFileType = unknown; name = "ZillaSlab-SemiBoldItalic.ttf"; path = "../assets/fonts/ZillaSlab-SemiBoldItalic.ttf"; sourceTree = "<group>"; };
		DDC46EF0D53F4BDD90848A86 /* ZillaSlab-Bold.ttf */ = {isa = PBXFileReference; explicitFileType = undefined; fileEncoding = 9; includeInIndex = 0; lastKnownFileType = unknown; name = "ZillaSlab-Bold.ttf"; path = "../assets/fonts/ZillaSlab-Bold.ttf"; sourceTree = "<group>"; };
		DF18FD72622E378A74101B1F /* Pods-ecommerceApp-tvOSTests.debug.xcconfig */ = {isa = PBXFileReference; includeInIndex = 1; lastKnownFileType = text.xcconfig; name = "Pods-ecommerceApp-tvOSTests.debug.xcconfig"; path = "Target Support Files/Pods-ecommerceApp-tvOSTests/Pods-ecommerceApp-tvOSTests.debug.xcconfig"; sourceTree = "<group>"; };
		E04F22DDB83842B5A6136302 /* WorkSans-VariableFont_wght.ttf */ = {isa = PBXFileReference; explicitFileType = undefined; fileEncoding = 9; includeInIndex = 0; lastKnownFileType = unknown; name = "WorkSans-VariableFont_wght.ttf"; path = "../assets/fonts/WorkSans-VariableFont_wght.ttf"; sourceTree = "<group>"; };
		E51302DC0CFF25AA61A7CD83 /* Pods-ecommerceApp-tvOSTests.release.xcconfig */ = {isa = PBXFileReference; includeInIndex = 1; lastKnownFileType = text.xcconfig; name = "Pods-ecommerceApp-tvOSTests.release.xcconfig"; path = "Target Support Files/Pods-ecommerceApp-tvOSTests/Pods-ecommerceApp-tvOSTests.release.xcconfig"; sourceTree = "<group>"; };
		E975EEFA8DB54786A62FE7BD /* WorkSans-Italic.ttf */ = {isa = PBXFileReference; explicitFileType = undefined; fileEncoding = 9; includeInIndex = 0; lastKnownFileType = unknown; name = "WorkSans-Italic.ttf"; path = "../assets/fonts/static/WorkSans-Italic.ttf"; sourceTree = "<group>"; };
		ED297162215061F000B7C4FE /* JavaScriptCore.framework */ = {isa = PBXFileReference; lastKnownFileType = wrapper.framework; name = JavaScriptCore.framework; path = System/Library/Frameworks/JavaScriptCore.framework; sourceTree = SDKROOT; };
		ED2971642150620600B7C4FE /* JavaScriptCore.framework */ = {isa = PBXFileReference; lastKnownFileType = wrapper.framework; name = JavaScriptCore.framework; path = Platforms/AppleTVOS.platform/Developer/SDKs/AppleTVOS12.0.sdk/System/Library/Frameworks/JavaScriptCore.framework; sourceTree = DEVELOPER_DIR; };
		A7A1E3F364EE480FA51BB4D7 /* AntDesign.ttf */ = {isa = PBXFileReference; name = "AntDesign.ttf"; path = "../node_modules/react-native-vector-icons/Fonts/AntDesign.ttf"; sourceTree = "<group>"; fileEncoding = undefined; lastKnownFileType = unknown; explicitFileType = undefined; includeInIndex = 0; };
		43D1122EEF454264AB954BC0 /* Entypo.ttf */ = {isa = PBXFileReference; name = "Entypo.ttf"; path = "../node_modules/react-native-vector-icons/Fonts/Entypo.ttf"; sourceTree = "<group>"; fileEncoding = undefined; lastKnownFileType = unknown; explicitFileType = undefined; includeInIndex = 0; };
		F759A1A8A5E94DEEB14383F5 /* EvilIcons.ttf */ = {isa = PBXFileReference; name = "EvilIcons.ttf"; path = "../node_modules/react-native-vector-icons/Fonts/EvilIcons.ttf"; sourceTree = "<group>"; fileEncoding = undefined; lastKnownFileType = unknown; explicitFileType = undefined; includeInIndex = 0; };
		E754731A94BA4944B99E88A7 /* Feather.ttf */ = {isa = PBXFileReference; name = "Feather.ttf"; path = "../node_modules/react-native-vector-icons/Fonts/Feather.ttf"; sourceTree = "<group>"; fileEncoding = undefined; lastKnownFileType = unknown; explicitFileType = undefined; includeInIndex = 0; };
		338661957E3C441489E9F8B5 /* FontAwesome.ttf */ = {isa = PBXFileReference; name = "FontAwesome.ttf"; path = "../node_modules/react-native-vector-icons/Fonts/FontAwesome.ttf"; sourceTree = "<group>"; fileEncoding = undefined; lastKnownFileType = unknown; explicitFileType = undefined; includeInIndex = 0; };
		AEB06D9E49604F7696228AAA /* FontAwesome5_Brands.ttf */ = {isa = PBXFileReference; name = "FontAwesome5_Brands.ttf"; path = "../node_modules/react-native-vector-icons/Fonts/FontAwesome5_Brands.ttf"; sourceTree = "<group>"; fileEncoding = undefined; lastKnownFileType = unknown; explicitFileType = undefined; includeInIndex = 0; };
		92698D1D0A5343C099A2ED58 /* FontAwesome5_Regular.ttf */ = {isa = PBXFileReference; name = "FontAwesome5_Regular.ttf"; path = "../node_modules/react-native-vector-icons/Fonts/FontAwesome5_Regular.ttf"; sourceTree = "<group>"; fileEncoding = undefined; lastKnownFileType = unknown; explicitFileType = undefined; includeInIndex = 0; };
		E9539EE08648497CB505828C /* FontAwesome5_Solid.ttf */ = {isa = PBXFileReference; name = "FontAwesome5_Solid.ttf"; path = "../node_modules/react-native-vector-icons/Fonts/FontAwesome5_Solid.ttf"; sourceTree = "<group>"; fileEncoding = undefined; lastKnownFileType = unknown; explicitFileType = undefined; includeInIndex = 0; };
		ADC2D4047EB04DCBB7C2963F /* Fontisto.ttf */ = {isa = PBXFileReference; name = "Fontisto.ttf"; path = "../node_modules/react-native-vector-icons/Fonts/Fontisto.ttf"; sourceTree = "<group>"; fileEncoding = undefined; lastKnownFileType = unknown; explicitFileType = undefined; includeInIndex = 0; };
		B7177A07D4774B60BE63C9CA /* Foundation.ttf */ = {isa = PBXFileReference; name = "Foundation.ttf"; path = "../node_modules/react-native-vector-icons/Fonts/Foundation.ttf"; sourceTree = "<group>"; fileEncoding = undefined; lastKnownFileType = unknown; explicitFileType = undefined; includeInIndex = 0; };
		C9DF3A64514C4D9B9A241D13 /* Ionicons.ttf */ = {isa = PBXFileReference; name = "Ionicons.ttf"; path = "../node_modules/react-native-vector-icons/Fonts/Ionicons.ttf"; sourceTree = "<group>"; fileEncoding = undefined; lastKnownFileType = unknown; explicitFileType = undefined; includeInIndex = 0; };
		2B758F3F20A7428AAD131489 /* MaterialCommunityIcons.ttf */ = {isa = PBXFileReference; name = "MaterialCommunityIcons.ttf"; path = "../node_modules/react-native-vector-icons/Fonts/MaterialCommunityIcons.ttf"; sourceTree = "<group>"; fileEncoding = undefined; lastKnownFileType = unknown; explicitFileType = undefined; includeInIndex = 0; };
		0FE68417A59A4E259AD955E9 /* MaterialIcons.ttf */ = {isa = PBXFileReference; name = "MaterialIcons.ttf"; path = "../node_modules/react-native-vector-icons/Fonts/MaterialIcons.ttf"; sourceTree = "<group>"; fileEncoding = undefined; lastKnownFileType = unknown; explicitFileType = undefined; includeInIndex = 0; };
		D8E70D6A414C4C338215A577 /* Octicons.ttf */ = {isa = PBXFileReference; name = "Octicons.ttf"; path = "../node_modules/react-native-vector-icons/Fonts/Octicons.ttf"; sourceTree = "<group>"; fileEncoding = undefined; lastKnownFileType = unknown; explicitFileType = undefined; includeInIndex = 0; };
		3ABFC80B733F46AA99EC010B /* SimpleLineIcons.ttf */ = {isa = PBXFileReference; name = "SimpleLineIcons.ttf"; path = "../node_modules/react-native-vector-icons/Fonts/SimpleLineIcons.ttf"; sourceTree = "<group>"; fileEncoding = undefined; lastKnownFileType = unknown; explicitFileType = undefined; includeInIndex = 0; };
		F5414EE1D8D34BA78FB67BB3 /* Zocial.ttf */ = {isa = PBXFileReference; name = "Zocial.ttf"; path = "../node_modules/react-native-vector-icons/Fonts/Zocial.ttf"; sourceTree = "<group>"; fileEncoding = undefined; lastKnownFileType = unknown; explicitFileType = undefined; includeInIndex = 0; };
/* End PBXFileReference section */

/* Begin PBXFrameworksBuildPhase section */
		00E356EB1AD99517003FC87E /* Frameworks */ = {
			isa = PBXFrameworksBuildPhase;
			buildActionMask = 2147483647;
			files = (
				D9159D019D42EF5567FE08E5 /* libPods-ecommerceApp-ecommerceAppTests.a in Frameworks */,
			);
			runOnlyForDeploymentPostprocessing = 0;
		};
		13B07F8C1A680F5B00A75B9A /* Frameworks */ = {
			isa = PBXFrameworksBuildPhase;
			buildActionMask = 2147483647;
			files = (
				B0CD7BD2A0EA7CCA0589D607 /* libPods-ecommerceApp.a in Frameworks */,
			);
			runOnlyForDeploymentPostprocessing = 0;
		};
		2D02E4781E0B4A5D006451C7 /* Frameworks */ = {
			isa = PBXFrameworksBuildPhase;
			buildActionMask = 2147483647;
			files = (
				4DE0211D9863CFE091BEDBE4 /* libPods-ecommerceApp-tvOS.a in Frameworks */,
			);
			runOnlyForDeploymentPostprocessing = 0;
		};
		2D02E48D1E0B4A5D006451C7 /* Frameworks */ = {
			isa = PBXFrameworksBuildPhase;
			buildActionMask = 2147483647;
			files = (
				DF52B5884E952ECF59430296 /* libPods-ecommerceApp-tvOSTests.a in Frameworks */,
			);
			runOnlyForDeploymentPostprocessing = 0;
		};
/* End PBXFrameworksBuildPhase section */

/* Begin PBXGroup section */
		00E356EF1AD99517003FC87E /* ecommerceAppTests */ = {
			isa = PBXGroup;
			children = (
				00E356F21AD99517003FC87E /* ecommerceAppTests.m */,
				00E356F01AD99517003FC87E /* Supporting Files */,
			);
			path = ecommerceAppTests;
			sourceTree = "<group>";
		};
		00E356F01AD99517003FC87E /* Supporting Files */ = {
			isa = PBXGroup;
			children = (
				00E356F11AD99517003FC87E /* Info.plist */,
			);
			name = "Supporting Files";
			sourceTree = "<group>";
		};
		13B07FAE1A68108700A75B9A /* ecommerceApp */ = {
			isa = PBXGroup;
			children = (
				008F07F21AC5B25A0029DE68 /* main.jsbundle */,
				13B07FAF1A68108700A75B9A /* AppDelegate.h */,
				13B07FB01A68108700A75B9A /* AppDelegate.m */,
				13B07FB51A68108700A75B9A /* Images.xcassets */,
				13B07FB61A68108700A75B9A /* Info.plist */,
				81AB9BB72411601600AC10FF /* LaunchScreen.storyboard */,
				13B07FB71A68108700A75B9A /* main.m */,
			);
			name = ecommerceApp;
			sourceTree = "<group>";
		};
		2D16E6871FA4F8E400B85C8A /* Frameworks */ = {
			isa = PBXGroup;
			children = (
				ED297162215061F000B7C4FE /* JavaScriptCore.framework */,
				ED2971642150620600B7C4FE /* JavaScriptCore.framework */,
				466B8D40AEF27A6E7E6B080D /* libPods-ecommerceApp.a */,
				4261EBA6089FDAD321484794 /* libPods-ecommerceApp-ecommerceAppTests.a */,
				B0A2BA8BF19B6E81A1164F3B /* libPods-ecommerceApp-tvOS.a */,
				BDD5FA9B1A8245AF2A2F08C3 /* libPods-ecommerceApp-tvOSTests.a */,
			);
			name = Frameworks;
			sourceTree = "<group>";
		};
		3BBAF003ED674822B3D320CF /* Resources */ = {
			isa = PBXGroup;
			children = (
				DDC46EF0D53F4BDD90848A86 /* ZillaSlab-Bold.ttf */,
				8D3D1DDA019A44A1AAC66B8F /* ZillaSlab-BoldItalic.ttf */,
				75BABF73F04C4865A480DD50 /* ZillaSlab-Italic.ttf */,
				A6BD8BCFBBDD4180BFC5BC94 /* ZillaSlab-Light.ttf */,
				90CBB8D1D77D4FE69C395989 /* ZillaSlab-LightItalic.ttf */,
				85AC2A66CBD247A2A5118714 /* ZillaSlab-Medium.ttf */,
				AA2A4BA75FFD48B3885D65E0 /* ZillaSlab-MediumItalic.ttf */,
				1F5CFDBD688E46CCBF79F543 /* ZillaSlab-Regular.ttf */,
				39C30B229B80482BB6B114C9 /* ZillaSlab-SemiBold.ttf */,
				C953381D482046EF82A2C584 /* ZillaSlab-SemiBoldItalic.ttf */,
				09144FA5BF2C47059D23031E /* Quicksand-Bold.ttf */,
				5B56E0A923C243E3A5A20E77 /* Quicksand-Light.ttf */,
				AE6AE61CCBE54292AE1301B2 /* Quicksand-Medium.ttf */,
				5E2622E8C2D94518B6896741 /* Quicksand-Regular.ttf */,
				2617BC66C77F4921B7E23DD0 /* Quicksand-SemiBold.ttf */,
				B2D90559BF6140C5AF568A80 /* WorkSans-Black.ttf */,
				A12C41B9DFC644B8B0B742A2 /* WorkSans-BlackItalic.ttf */,
				C3BDF59CD5EC4710953B72F2 /* WorkSans-Bold.ttf */,
				2908716CE28746F586ADCBF9 /* WorkSans-BoldItalic.ttf */,
				C0D7A147137A4A92823E8D8F /* WorkSans-ExtraBold.ttf */,
				4DAB81AD79854C26A9E27CCC /* WorkSans-ExtraBoldItalic.ttf */,
				B4A527AB2D5943CF899B51FC /* WorkSans-ExtraLight.ttf */,
				C533675EC3EE4646B6775E16 /* WorkSans-ExtraLightItalic.ttf */,
				E975EEFA8DB54786A62FE7BD /* WorkSans-Italic.ttf */,
				6A629ED564FB4023A82061E5 /* WorkSans-Light.ttf */,
				3FAEFAEA89E24F699A207616 /* WorkSans-LightItalic.ttf */,
				0CC95FA9043249A387D38CAB /* WorkSans-Medium.ttf */,
				55BBDCCA685949D69482CBAB /* WorkSans-MediumItalic.ttf */,
				383317AB079A4EA886659A36 /* WorkSans-Regular.ttf */,
				A69ECF04270A4C43B8EB852A /* WorkSans-SemiBold.ttf */,
				91062C1ACF4C4F8CB3822B68 /* WorkSans-SemiBoldItalic.ttf */,
				B42EAD4A7E6348339B7A792A /* WorkSans-Thin.ttf */,
				B3846CAEC2B4489B8381796B /* WorkSans-ThinItalic.ttf */,
				27AAC3097BFE47BEA30EB8B7 /* WorkSans-Italic-VariableFont_wght.ttf */,
				E04F22DDB83842B5A6136302 /* WorkSans-VariableFont_wght.ttf */,
				A7A1E3F364EE480FA51BB4D7 /* AntDesign.ttf */,
				43D1122EEF454264AB954BC0 /* Entypo.ttf */,
				F759A1A8A5E94DEEB14383F5 /* EvilIcons.ttf */,
				E754731A94BA4944B99E88A7 /* Feather.ttf */,
				338661957E3C441489E9F8B5 /* FontAwesome.ttf */,
				AEB06D9E49604F7696228AAA /* FontAwesome5_Brands.ttf */,
				92698D1D0A5343C099A2ED58 /* FontAwesome5_Regular.ttf */,
				E9539EE08648497CB505828C /* FontAwesome5_Solid.ttf */,
				ADC2D4047EB04DCBB7C2963F /* Fontisto.ttf */,
				B7177A07D4774B60BE63C9CA /* Foundation.ttf */,
				C9DF3A64514C4D9B9A241D13 /* Ionicons.ttf */,
				2B758F3F20A7428AAD131489 /* MaterialCommunityIcons.ttf */,
				0FE68417A59A4E259AD955E9 /* MaterialIcons.ttf */,
				D8E70D6A414C4C338215A577 /* Octicons.ttf */,
				3ABFC80B733F46AA99EC010B /* SimpleLineIcons.ttf */,
				F5414EE1D8D34BA78FB67BB3 /* Zocial.ttf */,
			);
			name = Resources;
			sourceTree = "<group>";
		};
		832341AE1AAA6A7D00B99B32 /* Libraries */ = {
			isa = PBXGroup;
			children = (
			);
			name = Libraries;
			sourceTree = "<group>";
		};
		83CBB9F61A601CBA00E9B192 = {
			isa = PBXGroup;
			children = (
				13B07FAE1A68108700A75B9A /* ecommerceApp */,
				832341AE1AAA6A7D00B99B32 /* Libraries */,
				00E356EF1AD99517003FC87E /* ecommerceAppTests */,
				83CBBA001A601CBA00E9B192 /* Products */,
				2D16E6871FA4F8E400B85C8A /* Frameworks */,
				A47341FB1FD555D566E6601A /* Pods */,
				3BBAF003ED674822B3D320CF /* Resources */,
			);
			indentWidth = 2;
			sourceTree = "<group>";
			tabWidth = 2;
			usesTabs = 0;
		};
		83CBBA001A601CBA00E9B192 /* Products */ = {
			isa = PBXGroup;
			children = (
				13B07F961A680F5B00A75B9A /* ecommerceApp.app */,
				00E356EE1AD99517003FC87E /* ecommerceAppTests.xctest */,
				2D02E47B1E0B4A5D006451C7 /* ecommerceApp-tvOS.app */,
				2D02E4901E0B4A5D006451C7 /* ecommerceApp-tvOSTests.xctest */,
			);
			name = Products;
			sourceTree = "<group>";
		};
		A47341FB1FD555D566E6601A /* Pods */ = {
			isa = PBXGroup;
			children = (
				3581C7209EDE07153F7AA5A6 /* Pods-ecommerceApp.debug.xcconfig */,
				01A0F4DFC3657D52D5078BC3 /* Pods-ecommerceApp.release.xcconfig */,
				6F579870174151EC0DF90C57 /* Pods-ecommerceApp-ecommerceAppTests.debug.xcconfig */,
				55043885574936A7D9E2C8F3 /* Pods-ecommerceApp-ecommerceAppTests.release.xcconfig */,
				737813EAAAA69E7B98349E7E /* Pods-ecommerceApp-tvOS.debug.xcconfig */,
				873A4F2FB3502A1360F8CF43 /* Pods-ecommerceApp-tvOS.release.xcconfig */,
				DF18FD72622E378A74101B1F /* Pods-ecommerceApp-tvOSTests.debug.xcconfig */,
				E51302DC0CFF25AA61A7CD83 /* Pods-ecommerceApp-tvOSTests.release.xcconfig */,
			);
			path = Pods;
			sourceTree = "<group>";
		};
/* End PBXGroup section */

/* Begin PBXNativeTarget section */
		00E356ED1AD99517003FC87E /* ecommerceAppTests */ = {
			isa = PBXNativeTarget;
			buildConfigurationList = 00E357021AD99517003FC87E /* Build configuration list for PBXNativeTarget "ecommerceAppTests" */;
			buildPhases = (
				1279CF08B05C968C8AC6DFFF /* [CP] Check Pods Manifest.lock */,
				00E356EA1AD99517003FC87E /* Sources */,
				00E356EB1AD99517003FC87E /* Frameworks */,
				00E356EC1AD99517003FC87E /* Resources */,
				6FC4C8889FECADF4A3376360 /* [CP] Copy Pods Resources */,
			);
			buildRules = (
			);
			dependencies = (
				00E356F51AD99517003FC87E /* PBXTargetDependency */,
			);
			name = ecommerceAppTests;
			productName = ecommerceAppTests;
			productReference = 00E356EE1AD99517003FC87E /* ecommerceAppTests.xctest */;
			productType = "com.apple.product-type.bundle.unit-test";
		};
		13B07F861A680F5B00A75B9A /* ecommerceApp */ = {
			isa = PBXNativeTarget;
			buildConfigurationList = 13B07F931A680F5B00A75B9A /* Build configuration list for PBXNativeTarget "ecommerceApp" */;
			buildPhases = (
				E1BFF90214CE64E96A97AC92 /* [CP] Check Pods Manifest.lock */,
				FD10A7F022414F080027D42C /* Start Packager */,
				13B07F871A680F5B00A75B9A /* Sources */,
				13B07F8C1A680F5B00A75B9A /* Frameworks */,
				13B07F8E1A680F5B00A75B9A /* Resources */,
				00DD1BFF1BD5951E006B06BC /* Bundle React Native code and images */,
				EA6222E659C7A32709587DAE /* [CP] Copy Pods Resources */,
			);
			buildRules = (
			);
			dependencies = (
			);
			name = ecommerceApp;
			productName = ecommerceApp;
			productReference = 13B07F961A680F5B00A75B9A /* ecommerceApp.app */;
			productType = "com.apple.product-type.application";
		};
		2D02E47A1E0B4A5D006451C7 /* ecommerceApp-tvOS */ = {
			isa = PBXNativeTarget;
			buildConfigurationList = 2D02E4BA1E0B4A5E006451C7 /* Build configuration list for PBXNativeTarget "ecommerceApp-tvOS" */;
			buildPhases = (
				2A3B7FB2D7DC13C6D2A1E34D /* [CP] Check Pods Manifest.lock */,
				FD10A7F122414F3F0027D42C /* Start Packager */,
				2D02E4771E0B4A5D006451C7 /* Sources */,
				2D02E4781E0B4A5D006451C7 /* Frameworks */,
				2D02E4791E0B4A5D006451C7 /* Resources */,
				2D02E4CB1E0B4B27006451C7 /* Bundle React Native Code And Images */,
			);
			buildRules = (
			);
			dependencies = (
			);
			name = "ecommerceApp-tvOS";
			productName = "ecommerceApp-tvOS";
			productReference = 2D02E47B1E0B4A5D006451C7 /* ecommerceApp-tvOS.app */;
			productType = "com.apple.product-type.application";
		};
		2D02E48F1E0B4A5D006451C7 /* ecommerceApp-tvOSTests */ = {
			isa = PBXNativeTarget;
			buildConfigurationList = 2D02E4BB1E0B4A5E006451C7 /* Build configuration list for PBXNativeTarget "ecommerceApp-tvOSTests" */;
			buildPhases = (
				CC1F461AE1C20DD9044F7143 /* [CP] Check Pods Manifest.lock */,
				2D02E48C1E0B4A5D006451C7 /* Sources */,
				2D02E48D1E0B4A5D006451C7 /* Frameworks */,
				2D02E48E1E0B4A5D006451C7 /* Resources */,
			);
			buildRules = (
			);
			dependencies = (
				2D02E4921E0B4A5D006451C7 /* PBXTargetDependency */,
			);
			name = "ecommerceApp-tvOSTests";
			productName = "ecommerceApp-tvOSTests";
			productReference = 2D02E4901E0B4A5D006451C7 /* ecommerceApp-tvOSTests.xctest */;
			productType = "com.apple.product-type.bundle.unit-test";
		};
/* End PBXNativeTarget section */

/* Begin PBXProject section */
		83CBB9F71A601CBA00E9B192 /* Project object */ = {
			isa = PBXProject;
			attributes = {
				LastUpgradeCheck = 1130;
				TargetAttributes = {
					00E356ED1AD99517003FC87E = {
						CreatedOnToolsVersion = 6.2;
						TestTargetID = 13B07F861A680F5B00A75B9A;
					};
					13B07F861A680F5B00A75B9A = {
						LastSwiftMigration = 1120;
					};
					2D02E47A1E0B4A5D006451C7 = {
						CreatedOnToolsVersion = 8.2.1;
						ProvisioningStyle = Automatic;
					};
					2D02E48F1E0B4A5D006451C7 = {
						CreatedOnToolsVersion = 8.2.1;
						ProvisioningStyle = Automatic;
						TestTargetID = 2D02E47A1E0B4A5D006451C7;
					};
				};
			};
			buildConfigurationList = 83CBB9FA1A601CBA00E9B192 /* Build configuration list for PBXProject "ecommerceApp" */;
			compatibilityVersion = "Xcode 3.2";
			developmentRegion = en;
			hasScannedForEncodings = 0;
			knownRegions = (
				en,
				Base,
			);
			mainGroup = 83CBB9F61A601CBA00E9B192;
			productRefGroup = 83CBBA001A601CBA00E9B192 /* Products */;
			projectDirPath = "";
			projectRoot = "";
			targets = (
				13B07F861A680F5B00A75B9A /* ecommerceApp */,
				00E356ED1AD99517003FC87E /* ecommerceAppTests */,
				2D02E47A1E0B4A5D006451C7 /* ecommerceApp-tvOS */,
				2D02E48F1E0B4A5D006451C7 /* ecommerceApp-tvOSTests */,
			);
		};
/* End PBXProject section */

/* Begin PBXResourcesBuildPhase section */
		00E356EC1AD99517003FC87E /* Resources */ = {
			isa = PBXResourcesBuildPhase;
			buildActionMask = 2147483647;
			files = (
			);
			runOnlyForDeploymentPostprocessing = 0;
		};
		13B07F8E1A680F5B00A75B9A /* Resources */ = {
			isa = PBXResourcesBuildPhase;
			buildActionMask = 2147483647;
			files = (
				81AB9BB82411601600AC10FF /* LaunchScreen.storyboard in Resources */,
				13B07FBF1A68108700A75B9A /* Images.xcassets in Resources */,
				F683F13F1976462381887D2D /* ZillaSlab-Bold.ttf in Resources */,
				BF5A1B5559E64E7D8C06F4C9 /* ZillaSlab-BoldItalic.ttf in Resources */,
				771FCA2C9FD14B078FA16F9D /* ZillaSlab-Italic.ttf in Resources */,
				71718B49CC534C189D03BA53 /* ZillaSlab-Light.ttf in Resources */,
				F7034F3B2772401EB66091E8 /* ZillaSlab-LightItalic.ttf in Resources */,
				3B25A0D60F0E499D8DB530DB /* ZillaSlab-Medium.ttf in Resources */,
				83A17FB7AA264B3CA7A14085 /* ZillaSlab-MediumItalic.ttf in Resources */,
				1E09E8FAC57B4EE0802AF779 /* ZillaSlab-Regular.ttf in Resources */,
				68F4A85371F74C00A6F286AD /* ZillaSlab-SemiBold.ttf in Resources */,
				A2EB23A699854BF399F7B54D /* ZillaSlab-SemiBoldItalic.ttf in Resources */,
				F651F274B47C47BC85A50AB6 /* Quicksand-Bold.ttf in Resources */,
				95F3F1F96F5F4F1187E0F8C4 /* Quicksand-Light.ttf in Resources */,
				E3CBD88D12854C899608589D /* Quicksand-Medium.ttf in Resources */,
				DF48CFC7EBA04B78BD638960 /* Quicksand-Regular.ttf in Resources */,
				1C8FBF6A9E5E4132AD24203D /* Quicksand-SemiBold.ttf in Resources */,
				616F0F5A5F4849949CEFC31E /* WorkSans-Black.ttf in Resources */,
				96315C11AB0241E0A7D363AB /* WorkSans-BlackItalic.ttf in Resources */,
				0B854CBA9DE5441AB1AA8E19 /* WorkSans-Bold.ttf in Resources */,
				51C62D6CD08C4E53A0DE0312 /* WorkSans-BoldItalic.ttf in Resources */,
				E4EEC07B4FDA4E469B889FA9 /* WorkSans-ExtraBold.ttf in Resources */,
				FC8B9A1470FA48AC9D4F012B /* WorkSans-ExtraBoldItalic.ttf in Resources */,
				0CC2242EA2A64DE398BA5F1B /* WorkSans-ExtraLight.ttf in Resources */,
				BEFED4FDAA2949C9A0670A9F /* WorkSans-ExtraLightItalic.ttf in Resources */,
				0CBB72721474492CA00967C7 /* WorkSans-Italic.ttf in Resources */,
				0377E3CD71F046CFBA2FC097 /* WorkSans-Light.ttf in Resources */,
				5EEF160E70DA4ED093B0A48D /* WorkSans-LightItalic.ttf in Resources */,
				52A325855BDD485BA371164A /* WorkSans-Medium.ttf in Resources */,
				AD33B0CE0E0C4866ABC03C23 /* WorkSans-MediumItalic.ttf in Resources */,
				80BBDBB5D2D24BEAAC8F9508 /* WorkSans-Regular.ttf in Resources */,
				2B22F2EC6A0744AD94986EEC /* WorkSans-SemiBold.ttf in Resources */,
				273C6D7D819A40218AC91DC1 /* WorkSans-SemiBoldItalic.ttf in Resources */,
				D547C6D37AD142BFB4E816E3 /* WorkSans-Thin.ttf in Resources */,
				5948FFC22976467E86BA30CA /* WorkSans-ThinItalic.ttf in Resources */,
				B5AB5BAFBA0D4214949AA630 /* WorkSans-Italic-VariableFont_wght.ttf in Resources */,
				B117832B467F418ABFC486AA /* WorkSans-VariableFont_wght.ttf in Resources */,
				C559D02946334718A2F283BE /* AntDesign.ttf in Resources */,
				54441F0E99774B579CACFF97 /* Entypo.ttf in Resources */,
				605A2CC979764ACAB0A0C723 /* EvilIcons.ttf in Resources */,
				8D0477B6DADF4673B8BD6968 /* Feather.ttf in Resources */,
				224FBD814F624763AE1DE997 /* FontAwesome.ttf in Resources */,
				30DBE08275C6458FA48A4794 /* FontAwesome5_Brands.ttf in Resources */,
				5F845516081E49B792D2E6A6 /* FontAwesome5_Regular.ttf in Resources */,
				364C03059EBC4A3FA9EFC3CE /* FontAwesome5_Solid.ttf in Resources */,
				0C3E41CDCE0E40758C9BA897 /* Fontisto.ttf in Resources */,
				8D9738F84B20492FB184E45C /* Foundation.ttf in Resources */,
				095DEA05550F4E8490DD6911 /* Ionicons.ttf in Resources */,
				7A242FFA741F4765954DF3A1 /* MaterialCommunityIcons.ttf in Resources */,
				18E5779B276C43C4ACDF8F3F /* MaterialIcons.ttf in Resources */,
				D9C3CEA0C24645FFBFCB5A6C /* Octicons.ttf in Resources */,
				D2C1B0C5A0B6459493166FC1 /* SimpleLineIcons.ttf in Resources */,
				FB365C25F232464097F02C1B /* Zocial.ttf in Resources */,
			);
			runOnlyForDeploymentPostprocessing = 0;
		};
		2D02E4791E0B4A5D006451C7 /* Resources */ = {
			isa = PBXResourcesBuildPhase;
			buildActionMask = 2147483647;
			files = (
				2D02E4BD1E0B4A84006451C7 /* Images.xcassets in Resources */,
			);
			runOnlyForDeploymentPostprocessing = 0;
		};
		2D02E48E1E0B4A5D006451C7 /* Resources */ = {
			isa = PBXResourcesBuildPhase;
			buildActionMask = 2147483647;
			files = (
			);
			runOnlyForDeploymentPostprocessing = 0;
		};
/* End PBXResourcesBuildPhase section */

/* Begin PBXShellScriptBuildPhase section */
		00DD1BFF1BD5951E006B06BC /* Bundle React Native code and images */ = {
			isa = PBXShellScriptBuildPhase;
			buildActionMask = 2147483647;
			files = (
			);
			inputPaths = (
			);
			name = "Bundle React Native code and images";
			outputPaths = (
			);
			runOnlyForDeploymentPostprocessing = 0;
			shellPath = /bin/sh;
			shellScript = "export NODE_BINARY=node\n../node_modules/react-native/scripts/react-native-xcode.sh\n";
		};
		1279CF08B05C968C8AC6DFFF /* [CP] Check Pods Manifest.lock */ = {
			isa = PBXShellScriptBuildPhase;
			buildActionMask = 2147483647;
			files = (
			);
			inputFileListPaths = (
			);
			inputPaths = (
				"${PODS_PODFILE_DIR_PATH}/Podfile.lock",
				"${PODS_ROOT}/Manifest.lock",
			);
			name = "[CP] Check Pods Manifest.lock";
			outputFileListPaths = (
			);
			outputPaths = (
				"$(DERIVED_FILE_DIR)/Pods-ecommerceApp-ecommerceAppTests-checkManifestLockResult.txt",
			);
			runOnlyForDeploymentPostprocessing = 0;
			shellPath = /bin/sh;
			shellScript = "diff \"${PODS_PODFILE_DIR_PATH}/Podfile.lock\" \"${PODS_ROOT}/Manifest.lock\" > /dev/null\nif [ $? != 0 ] ; then\n    # print error to STDERR\n    echo \"error: The sandbox is not in sync with the Podfile.lock. Run 'pod install' or update your CocoaPods installation.\" >&2\n    exit 1\nfi\n# This output is used by Xcode 'outputs' to avoid re-running this script phase.\necho \"SUCCESS\" > \"${SCRIPT_OUTPUT_FILE_0}\"\n";
			showEnvVarsInLog = 0;
		};
		2A3B7FB2D7DC13C6D2A1E34D /* [CP] Check Pods Manifest.lock */ = {
			isa = PBXShellScriptBuildPhase;
			buildActionMask = 2147483647;
			files = (
			);
			inputFileListPaths = (
			);
			inputPaths = (
				"${PODS_PODFILE_DIR_PATH}/Podfile.lock",
				"${PODS_ROOT}/Manifest.lock",
			);
			name = "[CP] Check Pods Manifest.lock";
			outputFileListPaths = (
			);
			outputPaths = (
				"$(DERIVED_FILE_DIR)/Pods-ecommerceApp-tvOS-checkManifestLockResult.txt",
			);
			runOnlyForDeploymentPostprocessing = 0;
			shellPath = /bin/sh;
			shellScript = "diff \"${PODS_PODFILE_DIR_PATH}/Podfile.lock\" \"${PODS_ROOT}/Manifest.lock\" > /dev/null\nif [ $? != 0 ] ; then\n    # print error to STDERR\n    echo \"error: The sandbox is not in sync with the Podfile.lock. Run 'pod install' or update your CocoaPods installation.\" >&2\n    exit 1\nfi\n# This output is used by Xcode 'outputs' to avoid re-running this script phase.\necho \"SUCCESS\" > \"${SCRIPT_OUTPUT_FILE_0}\"\n";
			showEnvVarsInLog = 0;
		};
		2D02E4CB1E0B4B27006451C7 /* Bundle React Native Code And Images */ = {
			isa = PBXShellScriptBuildPhase;
			buildActionMask = 2147483647;
			files = (
			);
			inputPaths = (
			);
			name = "Bundle React Native Code And Images";
			outputPaths = (
			);
			runOnlyForDeploymentPostprocessing = 0;
			shellPath = /bin/sh;
			shellScript = "export NODE_BINARY=node\n../node_modules/react-native/scripts/react-native-xcode.sh";
		};
		6FC4C8889FECADF4A3376360 /* [CP] Copy Pods Resources */ = {
			isa = PBXShellScriptBuildPhase;
			buildActionMask = 2147483647;
			files = (
			);
			inputPaths = (
				"${PODS_ROOT}/Target Support Files/Pods-ecommerceApp-ecommerceAppTests/Pods-ecommerceApp-ecommerceAppTests-resources.sh",
				"${PODS_CONFIGURATION_BUILD_DIR}/React-Core/AccessibilityResources.bundle",
			);
			name = "[CP] Copy Pods Resources";
			outputPaths = (
				"${TARGET_BUILD_DIR}/${UNLOCALIZED_RESOURCES_FOLDER_PATH}/AccessibilityResources.bundle",
			);
			runOnlyForDeploymentPostprocessing = 0;
			shellPath = /bin/sh;
			shellScript = "\"${PODS_ROOT}/Target Support Files/Pods-ecommerceApp-ecommerceAppTests/Pods-ecommerceApp-ecommerceAppTests-resources.sh\"\n";
			showEnvVarsInLog = 0;
		};
		CC1F461AE1C20DD9044F7143 /* [CP] Check Pods Manifest.lock */ = {
			isa = PBXShellScriptBuildPhase;
			buildActionMask = 2147483647;
			files = (
			);
			inputFileListPaths = (
			);
			inputPaths = (
				"${PODS_PODFILE_DIR_PATH}/Podfile.lock",
				"${PODS_ROOT}/Manifest.lock",
			);
			name = "[CP] Check Pods Manifest.lock";
			outputFileListPaths = (
			);
			outputPaths = (
				"$(DERIVED_FILE_DIR)/Pods-ecommerceApp-tvOSTests-checkManifestLockResult.txt",
			);
			runOnlyForDeploymentPostprocessing = 0;
			shellPath = /bin/sh;
			shellScript = "diff \"${PODS_PODFILE_DIR_PATH}/Podfile.lock\" \"${PODS_ROOT}/Manifest.lock\" > /dev/null\nif [ $? != 0 ] ; then\n    # print error to STDERR\n    echo \"error: The sandbox is not in sync with the Podfile.lock. Run 'pod install' or update your CocoaPods installation.\" >&2\n    exit 1\nfi\n# This output is used by Xcode 'outputs' to avoid re-running this script phase.\necho \"SUCCESS\" > \"${SCRIPT_OUTPUT_FILE_0}\"\n";
			showEnvVarsInLog = 0;
		};
		E1BFF90214CE64E96A97AC92 /* [CP] Check Pods Manifest.lock */ = {
			isa = PBXShellScriptBuildPhase;
			buildActionMask = 2147483647;
			files = (
			);
			inputFileListPaths = (
			);
			inputPaths = (
				"${PODS_PODFILE_DIR_PATH}/Podfile.lock",
				"${PODS_ROOT}/Manifest.lock",
			);
			name = "[CP] Check Pods Manifest.lock";
			outputFileListPaths = (
			);
			outputPaths = (
				"$(DERIVED_FILE_DIR)/Pods-ecommerceApp-checkManifestLockResult.txt",
			);
			runOnlyForDeploymentPostprocessing = 0;
			shellPath = /bin/sh;
			shellScript = "diff \"${PODS_PODFILE_DIR_PATH}/Podfile.lock\" \"${PODS_ROOT}/Manifest.lock\" > /dev/null\nif [ $? != 0 ] ; then\n    # print error to STDERR\n    echo \"error: The sandbox is not in sync with the Podfile.lock. Run 'pod install' or update your CocoaPods installation.\" >&2\n    exit 1\nfi\n# This output is used by Xcode 'outputs' to avoid re-running this script phase.\necho \"SUCCESS\" > \"${SCRIPT_OUTPUT_FILE_0}\"\n";
			showEnvVarsInLog = 0;
		};
		EA6222E659C7A32709587DAE /* [CP] Copy Pods Resources */ = {
			isa = PBXShellScriptBuildPhase;
			buildActionMask = 2147483647;
			files = (
			);
			inputPaths = (
				"${PODS_ROOT}/Target Support Files/Pods-ecommerceApp/Pods-ecommerceApp-resources.sh",
				"${PODS_CONFIGURATION_BUILD_DIR}/React-Core/AccessibilityResources.bundle",
			);
			name = "[CP] Copy Pods Resources";
			outputPaths = (
				"${TARGET_BUILD_DIR}/${UNLOCALIZED_RESOURCES_FOLDER_PATH}/AccessibilityResources.bundle",
			);
			runOnlyForDeploymentPostprocessing = 0;
			shellPath = /bin/sh;
			shellScript = "\"${PODS_ROOT}/Target Support Files/Pods-ecommerceApp/Pods-ecommerceApp-resources.sh\"\n";
			showEnvVarsInLog = 0;
		};
		FD10A7F022414F080027D42C /* Start Packager */ = {
			isa = PBXShellScriptBuildPhase;
			buildActionMask = 2147483647;
			files = (
			);
			inputFileListPaths = (
			);
			inputPaths = (
			);
			name = "Start Packager";
			outputFileListPaths = (
			);
			outputPaths = (
			);
			runOnlyForDeploymentPostprocessing = 0;
			shellPath = /bin/sh;
			shellScript = "export RCT_METRO_PORT=\"${RCT_METRO_PORT:=8081}\"\necho \"export RCT_METRO_PORT=${RCT_METRO_PORT}\" > \"${SRCROOT}/../node_modules/react-native/scripts/.packager.env\"\nif [ -z \"${RCT_NO_LAUNCH_PACKAGER+xxx}\" ] ; then\n  if nc -w 5 -z localhost ${RCT_METRO_PORT} ; then\n    if ! curl -s \"http://localhost:${RCT_METRO_PORT}/status\" | grep -q \"packager-status:running\" ; then\n      echo \"Port ${RCT_METRO_PORT} already in use, packager is either not running or not running correctly\"\n      exit 2\n    fi\n  else\n    open \"$SRCROOT/../node_modules/react-native/scripts/launchPackager.command\" || echo \"Can't start packager automatically\"\n  fi\nfi\n";
			showEnvVarsInLog = 0;
		};
		FD10A7F122414F3F0027D42C /* Start Packager */ = {
			isa = PBXShellScriptBuildPhase;
			buildActionMask = 2147483647;
			files = (
			);
			inputFileListPaths = (
			);
			inputPaths = (
			);
			name = "Start Packager";
			outputFileListPaths = (
			);
			outputPaths = (
			);
			runOnlyForDeploymentPostprocessing = 0;
			shellPath = /bin/sh;
			shellScript = "export RCT_METRO_PORT=\"${RCT_METRO_PORT:=8081}\"\necho \"export RCT_METRO_PORT=${RCT_METRO_PORT}\" > \"${SRCROOT}/../node_modules/react-native/scripts/.packager.env\"\nif [ -z \"${RCT_NO_LAUNCH_PACKAGER+xxx}\" ] ; then\n  if nc -w 5 -z localhost ${RCT_METRO_PORT} ; then\n    if ! curl -s \"http://localhost:${RCT_METRO_PORT}/status\" | grep -q \"packager-status:running\" ; then\n      echo \"Port ${RCT_METRO_PORT} already in use, packager is either not running or not running correctly\"\n      exit 2\n    fi\n  else\n    open \"$SRCROOT/../node_modules/react-native/scripts/launchPackager.command\" || echo \"Can't start packager automatically\"\n  fi\nfi\n";
			showEnvVarsInLog = 0;
		};
/* End PBXShellScriptBuildPhase section */

/* Begin PBXSourcesBuildPhase section */
		00E356EA1AD99517003FC87E /* Sources */ = {
			isa = PBXSourcesBuildPhase;
			buildActionMask = 2147483647;
			files = (
				00E356F31AD99517003FC87E /* ecommerceAppTests.m in Sources */,
			);
			runOnlyForDeploymentPostprocessing = 0;
		};
		13B07F871A680F5B00A75B9A /* Sources */ = {
			isa = PBXSourcesBuildPhase;
			buildActionMask = 2147483647;
			files = (
				13B07FBC1A68108700A75B9A /* AppDelegate.m in Sources */,
				13B07FC11A68108700A75B9A /* main.m in Sources */,
			);
			runOnlyForDeploymentPostprocessing = 0;
		};
		2D02E4771E0B4A5D006451C7 /* Sources */ = {
			isa = PBXSourcesBuildPhase;
			buildActionMask = 2147483647;
			files = (
				2D02E4BF1E0B4AB3006451C7 /* main.m in Sources */,
				2D02E4BC1E0B4A80006451C7 /* AppDelegate.m in Sources */,
			);
			runOnlyForDeploymentPostprocessing = 0;
		};
		2D02E48C1E0B4A5D006451C7 /* Sources */ = {
			isa = PBXSourcesBuildPhase;
			buildActionMask = 2147483647;
			files = (
				2DCD954D1E0B4F2C00145EB5 /* ecommerceAppTests.m in Sources */,
			);
			runOnlyForDeploymentPostprocessing = 0;
		};
/* End PBXSourcesBuildPhase section */

/* Begin PBXTargetDependency section */
		00E356F51AD99517003FC87E /* PBXTargetDependency */ = {
			isa = PBXTargetDependency;
			target = 13B07F861A680F5B00A75B9A /* ecommerceApp */;
			targetProxy = 00E356F41AD99517003FC87E /* PBXContainerItemProxy */;
		};
		2D02E4921E0B4A5D006451C7 /* PBXTargetDependency */ = {
			isa = PBXTargetDependency;
			target = 2D02E47A1E0B4A5D006451C7 /* ecommerceApp-tvOS */;
			targetProxy = 2D02E4911E0B4A5D006451C7 /* PBXContainerItemProxy */;
		};
/* End PBXTargetDependency section */

/* Begin XCBuildConfiguration section */
		00E356F61AD99517003FC87E /* Debug */ = {
			isa = XCBuildConfiguration;
			baseConfigurationReference = 6F579870174151EC0DF90C57 /* Pods-ecommerceApp-ecommerceAppTests.debug.xcconfig */;
			buildSettings = {
				BUNDLE_LOADER = "$(TEST_HOST)";
				GCC_PREPROCESSOR_DEFINITIONS = (
					"DEBUG=1",
					"$(inherited)",
				);
				INFOPLIST_FILE = ecommerceAppTests/Info.plist;
				IPHONEOS_DEPLOYMENT_TARGET = 10.0;
				LD_RUNPATH_SEARCH_PATHS = "$(inherited) @executable_path/Frameworks @loader_path/Frameworks";
				OTHER_LDFLAGS = (
					"-ObjC",
					"-lc++",
					"$(inherited)",
				);
				PRODUCT_BUNDLE_IDENTIFIER = "org.reactjs.native.example.$(PRODUCT_NAME:rfc1034identifier)";
				PRODUCT_NAME = "$(TARGET_NAME)";
				TEST_HOST = "$(BUILT_PRODUCTS_DIR)/ecommerceApp.app/ecommerceApp";
			};
			name = Debug;
		};
		00E356F71AD99517003FC87E /* Release */ = {
			isa = XCBuildConfiguration;
			baseConfigurationReference = 55043885574936A7D9E2C8F3 /* Pods-ecommerceApp-ecommerceAppTests.release.xcconfig */;
			buildSettings = {
				BUNDLE_LOADER = "$(TEST_HOST)";
				COPY_PHASE_STRIP = NO;
				INFOPLIST_FILE = ecommerceAppTests/Info.plist;
				IPHONEOS_DEPLOYMENT_TARGET = 10.0;
				LD_RUNPATH_SEARCH_PATHS = "$(inherited) @executable_path/Frameworks @loader_path/Frameworks";
				OTHER_LDFLAGS = (
					"-ObjC",
					"-lc++",
					"$(inherited)",
				);
				PRODUCT_BUNDLE_IDENTIFIER = "org.reactjs.native.example.$(PRODUCT_NAME:rfc1034identifier)";
				PRODUCT_NAME = "$(TARGET_NAME)";
				TEST_HOST = "$(BUILT_PRODUCTS_DIR)/ecommerceApp.app/ecommerceApp";
			};
			name = Release;
		};
		13B07F941A680F5B00A75B9A /* Debug */ = {
			isa = XCBuildConfiguration;
			baseConfigurationReference = 3581C7209EDE07153F7AA5A6 /* Pods-ecommerceApp.debug.xcconfig */;
			buildSettings = {
				ASSETCATALOG_COMPILER_APPICON_NAME = AppIcon;
				CLANG_ENABLE_MODULES = YES;
				CURRENT_PROJECT_VERSION = 1;
				ENABLE_BITCODE = NO;
				INFOPLIST_FILE = ecommerceApp/Info.plist;
				LD_RUNPATH_SEARCH_PATHS = "$(inherited) @executable_path/Frameworks";
				OTHER_LDFLAGS = (
					"$(inherited)",
					"-ObjC",
					"-lc++",
				);
				PRODUCT_BUNDLE_IDENTIFIER = "org.reactjs.native.example.$(PRODUCT_NAME:rfc1034identifier)";
				PRODUCT_NAME = ecommerceApp;
				SWIFT_OPTIMIZATION_LEVEL = "-Onone";
				SWIFT_VERSION = 5.0;
				VERSIONING_SYSTEM = "apple-generic";
			};
			name = Debug;
		};
		13B07F951A680F5B00A75B9A /* Release */ = {
			isa = XCBuildConfiguration;
			baseConfigurationReference = 01A0F4DFC3657D52D5078BC3 /* Pods-ecommerceApp.release.xcconfig */;
			buildSettings = {
				ASSETCATALOG_COMPILER_APPICON_NAME = AppIcon;
				CLANG_ENABLE_MODULES = YES;
				CURRENT_PROJECT_VERSION = 1;
				INFOPLIST_FILE = ecommerceApp/Info.plist;
				LD_RUNPATH_SEARCH_PATHS = "$(inherited) @executable_path/Frameworks";
				OTHER_LDFLAGS = (
					"$(inherited)",
					"-ObjC",
					"-lc++",
				);
				PRODUCT_BUNDLE_IDENTIFIER = "org.reactjs.native.example.$(PRODUCT_NAME:rfc1034identifier)";
				PRODUCT_NAME = ecommerceApp;
				SWIFT_VERSION = 5.0;
				VERSIONING_SYSTEM = "apple-generic";
			};
			name = Release;
		};
		2D02E4971E0B4A5E006451C7 /* Debug */ = {
			isa = XCBuildConfiguration;
			baseConfigurationReference = 737813EAAAA69E7B98349E7E /* Pods-ecommerceApp-tvOS.debug.xcconfig */;
			buildSettings = {
				ASSETCATALOG_COMPILER_APPICON_NAME = "App Icon & Top Shelf Image";
				ASSETCATALOG_COMPILER_LAUNCHIMAGE_NAME = LaunchImage;
				CLANG_ANALYZER_NONNULL = YES;
				CLANG_WARN_DOCUMENTATION_COMMENTS = YES;
				CLANG_WARN_INFINITE_RECURSION = YES;
				CLANG_WARN_SUSPICIOUS_MOVE = YES;
				DEBUG_INFORMATION_FORMAT = dwarf;
				ENABLE_TESTABILITY = YES;
				GCC_NO_COMMON_BLOCKS = YES;
				INFOPLIST_FILE = "ecommerceApp-tvOS/Info.plist";
				LD_RUNPATH_SEARCH_PATHS = "$(inherited) @executable_path/Frameworks";
				OTHER_LDFLAGS = (
					"$(inherited)",
					"-ObjC",
					"-lc++",
				);
				PRODUCT_BUNDLE_IDENTIFIER = "org.reactjs.native.example.ecommerceApp-tvOS";
				PRODUCT_NAME = "$(TARGET_NAME)";
				SDKROOT = appletvos;
				TARGETED_DEVICE_FAMILY = 3;
				TVOS_DEPLOYMENT_TARGET = 10.0;
			};
			name = Debug;
		};
		2D02E4981E0B4A5E006451C7 /* Release */ = {
			isa = XCBuildConfiguration;
			baseConfigurationReference = 873A4F2FB3502A1360F8CF43 /* Pods-ecommerceApp-tvOS.release.xcconfig */;
			buildSettings = {
				ASSETCATALOG_COMPILER_APPICON_NAME = "App Icon & Top Shelf Image";
				ASSETCATALOG_COMPILER_LAUNCHIMAGE_NAME = LaunchImage;
				CLANG_ANALYZER_NONNULL = YES;
				CLANG_WARN_DOCUMENTATION_COMMENTS = YES;
				CLANG_WARN_INFINITE_RECURSION = YES;
				CLANG_WARN_SUSPICIOUS_MOVE = YES;
				COPY_PHASE_STRIP = NO;
				DEBUG_INFORMATION_FORMAT = "dwarf-with-dsym";
				GCC_NO_COMMON_BLOCKS = YES;
				INFOPLIST_FILE = "ecommerceApp-tvOS/Info.plist";
				LD_RUNPATH_SEARCH_PATHS = "$(inherited) @executable_path/Frameworks";
				OTHER_LDFLAGS = (
					"$(inherited)",
					"-ObjC",
					"-lc++",
				);
				PRODUCT_BUNDLE_IDENTIFIER = "org.reactjs.native.example.ecommerceApp-tvOS";
				PRODUCT_NAME = "$(TARGET_NAME)";
				SDKROOT = appletvos;
				TARGETED_DEVICE_FAMILY = 3;
				TVOS_DEPLOYMENT_TARGET = 10.0;
			};
			name = Release;
		};
		2D02E4991E0B4A5E006451C7 /* Debug */ = {
			isa = XCBuildConfiguration;
			baseConfigurationReference = DF18FD72622E378A74101B1F /* Pods-ecommerceApp-tvOSTests.debug.xcconfig */;
			buildSettings = {
				BUNDLE_LOADER = "$(TEST_HOST)";
				CLANG_ANALYZER_NONNULL = YES;
				CLANG_WARN_DOCUMENTATION_COMMENTS = YES;
				CLANG_WARN_INFINITE_RECURSION = YES;
				CLANG_WARN_SUSPICIOUS_MOVE = YES;
				DEBUG_INFORMATION_FORMAT = dwarf;
				ENABLE_TESTABILITY = YES;
				GCC_NO_COMMON_BLOCKS = YES;
				INFOPLIST_FILE = "ecommerceApp-tvOSTests/Info.plist";
				LD_RUNPATH_SEARCH_PATHS = "$(inherited) @executable_path/Frameworks @loader_path/Frameworks";
				OTHER_LDFLAGS = (
					"$(inherited)",
					"-ObjC",
					"-lc++",
				);
				PRODUCT_BUNDLE_IDENTIFIER = "org.reactjs.native.example.ecommerceApp-tvOSTests";
				PRODUCT_NAME = "$(TARGET_NAME)";
				SDKROOT = appletvos;
				TEST_HOST = "$(BUILT_PRODUCTS_DIR)/ecommerceApp-tvOS.app/ecommerceApp-tvOS";
				TVOS_DEPLOYMENT_TARGET = 10.1;
			};
			name = Debug;
		};
		2D02E49A1E0B4A5E006451C7 /* Release */ = {
			isa = XCBuildConfiguration;
			baseConfigurationReference = E51302DC0CFF25AA61A7CD83 /* Pods-ecommerceApp-tvOSTests.release.xcconfig */;
			buildSettings = {
				BUNDLE_LOADER = "$(TEST_HOST)";
				CLANG_ANALYZER_NONNULL = YES;
				CLANG_WARN_DOCUMENTATION_COMMENTS = YES;
				CLANG_WARN_INFINITE_RECURSION = YES;
				CLANG_WARN_SUSPICIOUS_MOVE = YES;
				COPY_PHASE_STRIP = NO;
				DEBUG_INFORMATION_FORMAT = "dwarf-with-dsym";
				GCC_NO_COMMON_BLOCKS = YES;
				INFOPLIST_FILE = "ecommerceApp-tvOSTests/Info.plist";
				LD_RUNPATH_SEARCH_PATHS = "$(inherited) @executable_path/Frameworks @loader_path/Frameworks";
				OTHER_LDFLAGS = (
					"$(inherited)",
					"-ObjC",
					"-lc++",
				);
				PRODUCT_BUNDLE_IDENTIFIER = "org.reactjs.native.example.ecommerceApp-tvOSTests";
				PRODUCT_NAME = "$(TARGET_NAME)";
				SDKROOT = appletvos;
				TEST_HOST = "$(BUILT_PRODUCTS_DIR)/ecommerceApp-tvOS.app/ecommerceApp-tvOS";
				TVOS_DEPLOYMENT_TARGET = 10.1;
			};
			name = Release;
		};
		83CBBA201A601CBA00E9B192 /* Debug */ = {
			isa = XCBuildConfiguration;
			buildSettings = {
				ALWAYS_SEARCH_USER_PATHS = NO;
				CLANG_ANALYZER_LOCALIZABILITY_NONLOCALIZED = YES;
				CLANG_CXX_LANGUAGE_STANDARD = "gnu++0x";
				CLANG_CXX_LIBRARY = "libc++";
				CLANG_ENABLE_MODULES = YES;
				CLANG_ENABLE_OBJC_ARC = YES;
				CLANG_WARN_BLOCK_CAPTURE_AUTORELEASING = YES;
				CLANG_WARN_BOOL_CONVERSION = YES;
				CLANG_WARN_COMMA = YES;
				CLANG_WARN_CONSTANT_CONVERSION = YES;
				CLANG_WARN_DEPRECATED_OBJC_IMPLEMENTATIONS = YES;
				CLANG_WARN_DIRECT_OBJC_ISA_USAGE = YES_ERROR;
				CLANG_WARN_EMPTY_BODY = YES;
				CLANG_WARN_ENUM_CONVERSION = YES;
				CLANG_WARN_INFINITE_RECURSION = YES;
				CLANG_WARN_INT_CONVERSION = YES;
				CLANG_WARN_NON_LITERAL_NULL_CONVERSION = YES;
				CLANG_WARN_OBJC_IMPLICIT_RETAIN_SELF = YES;
				CLANG_WARN_OBJC_LITERAL_CONVERSION = YES;
				CLANG_WARN_OBJC_ROOT_CLASS = YES_ERROR;
				CLANG_WARN_RANGE_LOOP_ANALYSIS = YES;
				CLANG_WARN_STRICT_PROTOTYPES = YES;
				CLANG_WARN_SUSPICIOUS_MOVE = YES;
				CLANG_WARN_UNREACHABLE_CODE = YES;
				CLANG_WARN__DUPLICATE_METHOD_MATCH = YES;
				"CODE_SIGN_IDENTITY[sdk=iphoneos*]" = "iPhone Developer";
				COPY_PHASE_STRIP = NO;
				ENABLE_STRICT_OBJC_MSGSEND = YES;
				ENABLE_TESTABILITY = YES;
				GCC_C_LANGUAGE_STANDARD = gnu99;
				GCC_DYNAMIC_NO_PIC = NO;
				GCC_NO_COMMON_BLOCKS = YES;
				GCC_OPTIMIZATION_LEVEL = 0;
				GCC_PREPROCESSOR_DEFINITIONS = (
					"DEBUG=1",
					"$(inherited)",
				);
				GCC_SYMBOLS_PRIVATE_EXTERN = NO;
				GCC_WARN_64_TO_32_BIT_CONVERSION = YES;
				GCC_WARN_ABOUT_RETURN_TYPE = YES_ERROR;
				GCC_WARN_UNDECLARED_SELECTOR = YES;
				GCC_WARN_UNINITIALIZED_AUTOS = YES_AGGRESSIVE;
				GCC_WARN_UNUSED_FUNCTION = YES;
				GCC_WARN_UNUSED_VARIABLE = YES;
				IPHONEOS_DEPLOYMENT_TARGET = 10.0;
				LD_RUNPATH_SEARCH_PATHS = "/usr/lib/swift $(inherited)";
				LIBRARY_SEARCH_PATHS = (
					"\"$(TOOLCHAIN_DIR)/usr/lib/swift/$(PLATFORM_NAME)\"",
					"\"$(TOOLCHAIN_DIR)/usr/lib/swift-5.0/$(PLATFORM_NAME)\"",
					"\"$(inherited)\"",
				);
				MTL_ENABLE_DEBUG_INFO = YES;
				ONLY_ACTIVE_ARCH = YES;
				SDKROOT = iphoneos;
			};
			name = Debug;
		};
		83CBBA211A601CBA00E9B192 /* Release */ = {
			isa = XCBuildConfiguration;
			buildSettings = {
				ALWAYS_SEARCH_USER_PATHS = NO;
				CLANG_ANALYZER_LOCALIZABILITY_NONLOCALIZED = YES;
				CLANG_CXX_LANGUAGE_STANDARD = "gnu++0x";
				CLANG_CXX_LIBRARY = "libc++";
				CLANG_ENABLE_MODULES = YES;
				CLANG_ENABLE_OBJC_ARC = YES;
				CLANG_WARN_BLOCK_CAPTURE_AUTORELEASING = YES;
				CLANG_WARN_BOOL_CONVERSION = YES;
				CLANG_WARN_COMMA = YES;
				CLANG_WARN_CONSTANT_CONVERSION = YES;
				CLANG_WARN_DEPRECATED_OBJC_IMPLEMENTATIONS = YES;
				CLANG_WARN_DIRECT_OBJC_ISA_USAGE = YES_ERROR;
				CLANG_WARN_EMPTY_BODY = YES;
				CLANG_WARN_ENUM_CONVERSION = YES;
				CLANG_WARN_INFINITE_RECURSION = YES;
				CLANG_WARN_INT_CONVERSION = YES;
				CLANG_WARN_NON_LITERAL_NULL_CONVERSION = YES;
				CLANG_WARN_OBJC_IMPLICIT_RETAIN_SELF = YES;
				CLANG_WARN_OBJC_LITERAL_CONVERSION = YES;
				CLANG_WARN_OBJC_ROOT_CLASS = YES_ERROR;
				CLANG_WARN_RANGE_LOOP_ANALYSIS = YES;
				CLANG_WARN_STRICT_PROTOTYPES = YES;
				CLANG_WARN_SUSPICIOUS_MOVE = YES;
				CLANG_WARN_UNREACHABLE_CODE = YES;
				CLANG_WARN__DUPLICATE_METHOD_MATCH = YES;
				"CODE_SIGN_IDENTITY[sdk=iphoneos*]" = "iPhone Developer";
				COPY_PHASE_STRIP = YES;
				ENABLE_NS_ASSERTIONS = NO;
				ENABLE_STRICT_OBJC_MSGSEND = YES;
				GCC_C_LANGUAGE_STANDARD = gnu99;
				GCC_NO_COMMON_BLOCKS = YES;
				GCC_WARN_64_TO_32_BIT_CONVERSION = YES;
				GCC_WARN_ABOUT_RETURN_TYPE = YES_ERROR;
				GCC_WARN_UNDECLARED_SELECTOR = YES;
				GCC_WARN_UNINITIALIZED_AUTOS = YES_AGGRESSIVE;
				GCC_WARN_UNUSED_FUNCTION = YES;
				GCC_WARN_UNUSED_VARIABLE = YES;
				IPHONEOS_DEPLOYMENT_TARGET = 10.0;
				LD_RUNPATH_SEARCH_PATHS = "/usr/lib/swift $(inherited)";
				LIBRARY_SEARCH_PATHS = (
					"\"$(TOOLCHAIN_DIR)/usr/lib/swift/$(PLATFORM_NAME)\"",
					"\"$(TOOLCHAIN_DIR)/usr/lib/swift-5.0/$(PLATFORM_NAME)\"",
					"\"$(inherited)\"",
				);
				MTL_ENABLE_DEBUG_INFO = NO;
				SDKROOT = iphoneos;
				VALIDATE_PRODUCT = YES;
			};
			name = Release;
		};
/* End XCBuildConfiguration section */

/* Begin XCConfigurationList section */
		00E357021AD99517003FC87E /* Build configuration list for PBXNativeTarget "ecommerceAppTests" */ = {
			isa = XCConfigurationList;
			buildConfigurations = (
				00E356F61AD99517003FC87E /* Debug */,
				00E356F71AD99517003FC87E /* Release */,
			);
			defaultConfigurationIsVisible = 0;
			defaultConfigurationName = Release;
		};
		13B07F931A680F5B00A75B9A /* Build configuration list for PBXNativeTarget "ecommerceApp" */ = {
			isa = XCConfigurationList;
			buildConfigurations = (
				13B07F941A680F5B00A75B9A /* Debug */,
				13B07F951A680F5B00A75B9A /* Release */,
			);
			defaultConfigurationIsVisible = 0;
			defaultConfigurationName = Release;
		};
		2D02E4BA1E0B4A5E006451C7 /* Build configuration list for PBXNativeTarget "ecommerceApp-tvOS" */ = {
			isa = XCConfigurationList;
			buildConfigurations = (
				2D02E4971E0B4A5E006451C7 /* Debug */,
				2D02E4981E0B4A5E006451C7 /* Release */,
			);
			defaultConfigurationIsVisible = 0;
			defaultConfigurationName = Release;
		};
		2D02E4BB1E0B4A5E006451C7 /* Build configuration list for PBXNativeTarget "ecommerceApp-tvOSTests" */ = {
			isa = XCConfigurationList;
			buildConfigurations = (
				2D02E4991E0B4A5E006451C7 /* Debug */,
				2D02E49A1E0B4A5E006451C7 /* Release */,
			);
			defaultConfigurationIsVisible = 0;
			defaultConfigurationName = Release;
		};
		83CBB9FA1A601CBA00E9B192 /* Build configuration list for PBXProject "ecommerceApp" */ = {
			isa = XCConfigurationList;
			buildConfigurations = (
				83CBBA201A601CBA00E9B192 /* Debug */,
				83CBBA211A601CBA00E9B192 /* Release */,
			);
			defaultConfigurationIsVisible = 0;
			defaultConfigurationName = Release;
		};
/* End XCConfigurationList section */
	};
	rootObject = 83CBB9F71A601CBA00E9B192 /* Project object */;
}
